
Microsoft Visual Studio Solution File, Format Version 12.00
# Visual Studio Version 17
VisualStudioVersion = 17.11.35312.102
MinimumVisualStudioVersion = 10.0.40219.1
Project("{FAE04EC0-301F-11D3-BF4B-00C04F79EFBC}") = "ArtigoTech.MicrosoftExtensionsResilience", "ArtigoTech.MicrosoftExtensionsResilience/ArtigoTech.MicrosoftExtensionsResilience.csproj", "{7F011F98-7C47-4776-9459-89ABED48C578}"
EndProject
Global
	GlobalSection(SolutionConfigurationPlatforms) = preSolution
		Debug|Any CPU = Debug|Any CPU
		Release|Any CPU = Release|Any CPU
	EndGlobalSection
	GlobalSection(ProjectConfigurationPlatforms) = postSolution
		{7F011F98-7C47-4776-9459-89ABED48C578}.Debug|Any CPU.ActiveCfg = Debug|Any CPU
		{7F011F98-7C47-4776-9459-89ABED48C578}.Debug|Any CPU.Build.0 = Debug|Any CPU
		{7F011F98-7C47-4776-9459-89ABED48C578}.Release|Any CPU.ActiveCfg = Release|Any CPU
		{7F011F98-7C47-4776-9459-89ABED48C578}.Release|Any CPU.Build.0 = Release|Any CPU
	EndGlobalSection
	GlobalSection(SolutionProperties) = preSolution
		HideSolutionNode = FALSE
	EndGlobalSection
	GlobalSection(ExtensibilityGlobals) = postSolution
		SolutionGuid = {0B818826-89A1-492E-B5F2-4BDE21027FA0}
	EndGlobalSection
EndGlobal
